{
  "name": "kaboom",
  "lockfileVersion": 2,
  "requires": true,
  "packages": {
    "": {
      "dependencies": {
        "kaboom": "^2000.2.3"
      }
    },
    "node_modules/kaboom": {
      "version": "2000.2.3",
      "resolved": "https://registry.npmjs.org/kaboom/-/kaboom-2000.2.3.tgz",
      "integrity": "sha512-ry3wEi9QyriKgxsnxWkN40J1wpF5uD68m4NlDWc3lrVSy1WvHjpNogyjJesQSAYDVqfn8rBe4+22SFiwC3on3A=="
    }
  },
  "dependencies": {
    "kaboom": {
      "version": "2000.2.3",
      "resolved": "https://registry.npmjs.org/kaboom/-/kaboom-2000.2.3.tgz",
      "integrity": "sha512-ry3wEi9QyriKgxsnxWkN40J1wpF5uD68m4NlDWc3lrVSy1WvHjpNogyjJesQSAYDVqfn8rBe4+22SFiwC3on3A=="
    }
  }
}
